
Microsoft Visual Studio Solution File, Format Version 12.00
# Visual Studio Version 16
VisualStudioVersion = 16.0.31205.134
MinimumVisualStudioVersion = 10.0.40219.1
Project("{FAE04EC0-301F-11D3-BF4B-00C04F79EFBC}") = "Informate", "Informate\Informate.csproj", "{0714F4E6-DCC4-400F-B06D-C1AF9A71D4CA}"
EndProject
Global
	GlobalSection(SolutionConfigurationPlatforms) = preSolution
		Debug|Any CPU = Debug|Any CPU
		Release|Any CPU = Release|Any CPU
	EndGlobalSection
	GlobalSection(ProjectConfigurationPlatforms) = postSolution
		{0714F4E6-DCC4-400F-B06D-C1AF9A71D4CA}.Debug|Any CPU.ActiveCfg = Debug|Any CPU
		{0714F4E6-DCC4-400F-B06D-C1AF9A71D4CA}.Debug|Any CPU.Build.0 = Debug|Any CPU
		{0714F4E6-DCC4-400F-B06D-C1AF9A71D4CA}.Release|Any CPU.ActiveCfg = Release|Any CPU
		{0714F4E6-DCC4-400F-B06D-C1AF9A71D4CA}.Release|Any CPU.Build.0 = Release|Any CPU
	EndGlobalSection
	GlobalSection(SolutionProperties) = preSolution
		HideSolutionNode = FALSE
	EndGlobalSection
	GlobalSection(ExtensibilityGlobals) = postSolution
		SolutionGuid = {64224E44-F90C-4BBE-B02A-2602FF53A95B}
	EndGlobalSection
EndGlobal
